// !$*UTF8*$!
{
	archiveVersion = 1;
	classes = {
	};
	objectVersion = 46;
	objects = {

/* Begin PBXBuildFile section */
		C602CC6E1BBF96A900ED664A /* NotificationCenter.framework in Frameworks */ = {isa = PBXBuildFile; fileRef = C602CC6D1BBF96A900ED664A /* NotificationCenter.framework */; settings = {ASSET_TAGS = (); }; };
		C602CC711BBF96A900ED664A /* TodayViewController.swift in Sources */ = {isa = PBXBuildFile; fileRef = C602CC701BBF96A900ED664A /* TodayViewController.swift */; };
		C602CC741BBF96A900ED664A /* MainInterface.storyboard in Resources */ = {isa = PBXBuildFile; fileRef = C602CC721BBF96A900ED664A /* MainInterface.storyboard */; };
		C602CC781BBF96A900ED664A /* Emergency Widget.appex in Embed App Extensions */ = {isa = PBXBuildFile; fileRef = C602CC6B1BBF96A900ED664A /* Emergency Widget.appex */; settings = {ATTRIBUTES = (RemoveHeadersOnCopy, ); }; };
		C69F6AC51BBF462400782756 /* P2PKit.framework in Frameworks */ = {isa = PBXBuildFile; fileRef = C69F6AC41BBF462400782756 /* P2PKit.framework */; settings = {ASSET_TAGS = (); }; };
		C69F6AC71BBF46D600782756 /* CoreBluetooth.framework in Frameworks */ = {isa = PBXBuildFile; fileRef = C69F6AC61BBF46D600782756 /* CoreBluetooth.framework */; };
		C69F6AC91BBF46DD00782756 /* CoreLocation.framework in Frameworks */ = {isa = PBXBuildFile; fileRef = C69F6AC81BBF46DD00782756 /* CoreLocation.framework */; };
		C69F6ACD1BBF470A00782756 /* CFNetwork.framework in Frameworks */ = {isa = PBXBuildFile; fileRef = C69F6ACC1BBF470A00782756 /* CFNetwork.framework */; };
		C69F6ACF1BBF471100782756 /* Security.framework in Frameworks */ = {isa = PBXBuildFile; fileRef = C69F6ACE1BBF471100782756 /* Security.framework */; };
		C69F6AD11BBF471900782756 /* Foundation.framework in Frameworks */ = {isa = PBXBuildFile; fileRef = C69F6AD01BBF471900782756 /* Foundation.framework */; };
		FA6739851BBF43FE009E82C1 /* AppDelegate.swift in Sources */ = {isa = PBXBuildFile; fileRef = FA6739841BBF43FE009E82C1 /* AppDelegate.swift */; };
		FA6739871BBF43FE009E82C1 /* ViewController.swift in Sources */ = {isa = PBXBuildFile; fileRef = FA6739861BBF43FE009E82C1 /* ViewController.swift */; };
		FA67398A1BBF43FE009E82C1 /* Main.storyboard in Resources */ = {isa = PBXBuildFile; fileRef = FA6739881BBF43FE009E82C1 /* Main.storyboard */; };
		FA67398C1BBF43FE009E82C1 /* Assets.xcassets in Resources */ = {isa = PBXBuildFile; fileRef = FA67398B1BBF43FE009E82C1 /* Assets.xcassets */; };
		FA67398F1BBF43FE009E82C1 /* LaunchScreen.storyboard in Resources */ = {isa = PBXBuildFile; fileRef = FA67398D1BBF43FE009E82C1 /* LaunchScreen.storyboard */; };
		FA6918231BBF4E0D00A3B07B /* libicucore.tbd in Frameworks */ = {isa = PBXBuildFile; fileRef = FA6918221BBF4E0D00A3B07B /* libicucore.tbd */; };
/* End PBXBuildFile section */

/* Begin PBXContainerItemProxy section */
		C602CC761BBF96A900ED664A /* PBXContainerItemProxy */ = {
			isa = PBXContainerItemProxy;
			containerPortal = FA6739791BBF43FE009E82C1 /* Project object */;
			proxyType = 1;
			remoteGlobalIDString = C602CC6A1BBF96A900ED664A;
			remoteInfo = "Emergency Widget";
		};
/* End PBXContainerItemProxy section */

/* Begin PBXCopyFilesBuildPhase section */
		C602CC7C1BBF96A900ED664A /* Embed App Extensions */ = {
			isa = PBXCopyFilesBuildPhase;
			buildActionMask = 2147483647;
			dstPath = "";
			dstSubfolderSpec = 13;
			files = (
				C602CC781BBF96A900ED664A /* Emergency Widget.appex in Embed App Extensions */,
			);
			name = "Embed App Extensions";
			runOnlyForDeploymentPostprocessing = 0;
		};
/* End PBXCopyFilesBuildPhase section */

/* Begin PBXFileReference section */
		C602CC6B1BBF96A900ED664A /* Emergency Widget.appex */ = {isa = PBXFileReference; explicitFileType = "wrapper.app-extension"; includeInIndex = 0; path = "Emergency Widget.appex"; sourceTree = BUILT_PRODUCTS_DIR; };
		C602CC6D1BBF96A900ED664A /* NotificationCenter.framework */ = {isa = PBXFileReference; lastKnownFileType = wrapper.framework; name = NotificationCenter.framework; path = System/Library/Frameworks/NotificationCenter.framework; sourceTree = SDKROOT; };
		C602CC701BBF96A900ED664A /* TodayViewController.swift */ = {isa = PBXFileReference; lastKnownFileType = sourcecode.swift; path = TodayViewController.swift; sourceTree = "<group>"; };
		C602CC731BBF96A900ED664A /* Base */ = {isa = PBXFileReference; lastKnownFileType = file.storyboard; name = Base; path = Base.lproj/MainInterface.storyboard; sourceTree = "<group>"; };
		C602CC751BBF96A900ED664A /* Info.plist */ = {isa = PBXFileReference; lastKnownFileType = text.plist.xml; path = Info.plist; sourceTree = "<group>"; };
		C69F6AC41BBF462400782756 /* P2PKit.framework */ = {isa = PBXFileReference; lastKnownFileType = wrapper.framework; path = P2PKit.framework; sourceTree = "<group>"; };
		C69F6AC61BBF46D600782756 /* CoreBluetooth.framework */ = {isa = PBXFileReference; lastKnownFileType = wrapper.framework; name = CoreBluetooth.framework; path = System/Library/Frameworks/CoreBluetooth.framework; sourceTree = SDKROOT; };
		C69F6AC81BBF46DD00782756 /* CoreLocation.framework */ = {isa = PBXFileReference; lastKnownFileType = wrapper.framework; name = CoreLocation.framework; path = System/Library/Frameworks/CoreLocation.framework; sourceTree = SDKROOT; };
		C69F6ACC1BBF470A00782756 /* CFNetwork.framework */ = {isa = PBXFileReference; lastKnownFileType = wrapper.framework; name = CFNetwork.framework; path = System/Library/Frameworks/CFNetwork.framework; sourceTree = SDKROOT; };
		C69F6ACE1BBF471100782756 /* Security.framework */ = {isa = PBXFileReference; lastKnownFileType = wrapper.framework; name = Security.framework; path = System/Library/Frameworks/Security.framework; sourceTree = SDKROOT; };
		C69F6AD01BBF471900782756 /* Foundation.framework */ = {isa = PBXFileReference; lastKnownFileType = wrapper.framework; name = Foundation.framework; path = System/Library/Frameworks/Foundation.framework; sourceTree = SDKROOT; };
		C69F6AD31BBF489600782756 /* HelperNet-Bridging-Header.h */ = {isa = PBXFileReference; lastKnownFileType = sourcecode.c.h; path = "HelperNet-Bridging-Header.h"; sourceTree = "<group>"; };
		FA6739811BBF43FE009E82C1 /* HelperNet.app */ = {isa = PBXFileReference; explicitFileType = wrapper.application; includeInIndex = 0; path = HelperNet.app; sourceTree = BUILT_PRODUCTS_DIR; };
		FA6739841BBF43FE009E82C1 /* AppDelegate.swift */ = {isa = PBXFileReference; lastKnownFileType = sourcecode.swift; path = AppDelegate.swift; sourceTree = "<group>"; };
		FA6739861BBF43FE009E82C1 /* ViewController.swift */ = {isa = PBXFileReference; lastKnownFileType = sourcecode.swift; path = ViewController.swift; sourceTree = "<group>"; };
		FA6739891BBF43FE009E82C1 /* Base */ = {isa = PBXFileReference; lastKnownFileType = file.storyboard; name = Base; path = Base.lproj/Main.storyboard; sourceTree = "<group>"; };
		FA67398B1BBF43FE009E82C1 /* Assets.xcassets */ = {isa = PBXFileReference; lastKnownFileType = folder.assetcatalog; path = Assets.xcassets; sourceTree = "<group>"; };
		FA67398E1BBF43FE009E82C1 /* Base */ = {isa = PBXFileReference; lastKnownFileType = file.storyboard; name = Base; path = Base.lproj/LaunchScreen.storyboard; sourceTree = "<group>"; };
		FA6739901BBF43FE009E82C1 /* Info.plist */ = {isa = PBXFileReference; lastKnownFileType = text.plist.xml; path = Info.plist; sourceTree = "<group>"; };
		FA6918221BBF4E0D00A3B07B /* libicucore.tbd */ = {isa = PBXFileReference; lastKnownFileType = "sourcecode.text-based-dylib-definition"; name = libicucore.tbd; path = usr/lib/libicucore.tbd; sourceTree = SDKROOT; };
/* End PBXFileReference section */

/* Begin PBXFrameworksBuildPhase section */
		C602CC681BBF96A900ED664A /* Frameworks */ = {
			isa = PBXFrameworksBuildPhase;
			buildActionMask = 2147483647;
			files = (
				C602CC6E1BBF96A900ED664A /* NotificationCenter.framework in Frameworks */,
			);
			runOnlyForDeploymentPostprocessing = 0;
		};
		FA67397E1BBF43FE009E82C1 /* Frameworks */ = {
			isa = PBXFrameworksBuildPhase;
			buildActionMask = 2147483647;
			files = (
				FA6918231BBF4E0D00A3B07B /* libicucore.tbd in Frameworks */,
				C69F6AD11BBF471900782756 /* Foundation.framework in Frameworks */,
				C69F6ACF1BBF471100782756 /* Security.framework in Frameworks */,
				C69F6ACD1BBF470A00782756 /* CFNetwork.framework in Frameworks */,
				C69F6AC91BBF46DD00782756 /* CoreLocation.framework in Frameworks */,
				C69F6AC71BBF46D600782756 /* CoreBluetooth.framework in Frameworks */,
				C69F6AC51BBF462400782756 /* P2PKit.framework in Frameworks */,
			);
			runOnlyForDeploymentPostprocessing = 0;
		};
/* End PBXFrameworksBuildPhase section */

/* Begin PBXGroup section */
		C602CC6C1BBF96A900ED664A /* Frameworks */ = {
			isa = PBXGroup;
			children = (
				C602CC6D1BBF96A900ED664A /* NotificationCenter.framework */,
			);
			name = Frameworks;
			sourceTree = "<group>";
		};
		C602CC6F1BBF96A900ED664A /* Emergency Widget */ = {
			isa = PBXGroup;
			children = (
				C602CC701BBF96A900ED664A /* TodayViewController.swift */,
				C602CC721BBF96A900ED664A /* MainInterface.storyboard */,
				C602CC751BBF96A900ED664A /* Info.plist */,
			);
			path = "Emergency Widget";
			sourceTree = "<group>";
		};
		FA6739781BBF43FE009E82C1 = {
			isa = PBXGroup;
			children = (
				FA6918221BBF4E0D00A3B07B /* libicucore.tbd */,
				C69F6AD01BBF471900782756 /* Foundation.framework */,
				C69F6ACE1BBF471100782756 /* Security.framework */,
				C69F6ACC1BBF470A00782756 /* CFNetwork.framework */,
				C69F6AC81BBF46DD00782756 /* CoreLocation.framework */,
				C69F6AC61BBF46D600782756 /* CoreBluetooth.framework */,
				FA6739831BBF43FE009E82C1 /* HelperNet */,
				C602CC6F1BBF96A900ED664A /* Emergency Widget */,
				C602CC6C1BBF96A900ED664A /* Frameworks */,
				FA6739821BBF43FE009E82C1 /* Products */,
			);
			sourceTree = "<group>";
		};
		FA6739821BBF43FE009E82C1 /* Products */ = {
			isa = PBXGroup;
			children = (
				FA6739811BBF43FE009E82C1 /* HelperNet.app */,
				C602CC6B1BBF96A900ED664A /* Emergency Widget.appex */,
			);
			name = Products;
			sourceTree = "<group>";
		};
		FA6739831BBF43FE009E82C1 /* HelperNet */ = {
			isa = PBXGroup;
			children = (
				C69F6AC41BBF462400782756 /* P2PKit.framework */,
				FA6739841BBF43FE009E82C1 /* AppDelegate.swift */,
				FA6739861BBF43FE009E82C1 /* ViewController.swift */,
				C69F6AD31BBF489600782756 /* HelperNet-Bridging-Header.h */,
				FA6739881BBF43FE009E82C1 /* Main.storyboard */,
				FA67398B1BBF43FE009E82C1 /* Assets.xcassets */,
				FA67398D1BBF43FE009E82C1 /* LaunchScreen.storyboard */,
				FA6739901BBF43FE009E82C1 /* Info.plist */,
			);
			path = HelperNet;
			sourceTree = "<group>";
		};
/* End PBXGroup section */

/* Begin PBXNativeTarget section */
		C602CC6A1BBF96A900ED664A /* Emergency Widget */ = {
			isa = PBXNativeTarget;
			buildConfigurationList = C602CC7B1BBF96A900ED664A /* Build configuration list for PBXNativeTarget "Emergency Widget" */;
			buildPhases = (
				C602CC671BBF96A900ED664A /* Sources */,
				C602CC681BBF96A900ED664A /* Frameworks */,
				C602CC691BBF96A900ED664A /* Resources */,
			);
			buildRules = (
			);
			dependencies = (
			);
			name = "Emergency Widget";
			productName = "Emergency Widget";
			productReference = C602CC6B1BBF96A900ED664A /* Emergency Widget.appex */;
			productType = "com.apple.product-type.app-extension";
		};
		FA6739801BBF43FE009E82C1 /* HelperNet */ = {
			isa = PBXNativeTarget;
			buildConfigurationList = FA6739931BBF43FE009E82C1 /* Build configuration list for PBXNativeTarget "HelperNet" */;
			buildPhases = (
				FA67397D1BBF43FE009E82C1 /* Sources */,
				FA67397E1BBF43FE009E82C1 /* Frameworks */,
				FA67397F1BBF43FE009E82C1 /* Resources */,
				C602CC7C1BBF96A900ED664A /* Embed App Extensions */,
			);
			buildRules = (
			);
			dependencies = (
				C602CC771BBF96A900ED664A /* PBXTargetDependency */,
			);
			name = HelperNet;
			productName = HelperNet;
			productReference = FA6739811BBF43FE009E82C1 /* HelperNet.app */;
			productType = "com.apple.product-type.application";
		};
/* End PBXNativeTarget section */

/* Begin PBXProject section */
		FA6739791BBF43FE009E82C1 /* Project object */ = {
			isa = PBXProject;
			attributes = {
				LastUpgradeCheck = 0700;
				ORGANIZATIONNAME = nerdishByNature;
				TargetAttributes = {
					C602CC6A1BBF96A900ED664A = {
						CreatedOnToolsVersion = 7.0.1;
						DevelopmentTeam = FTD686N32X;
					};
					FA6739801BBF43FE009E82C1 = {
						CreatedOnToolsVersion = 7.0.1;
						DevelopmentTeam = FTD686N32X;
					};
				};
			};
			buildConfigurationList = FA67397C1BBF43FE009E82C1 /* Build configuration list for PBXProject "HelperNet" */;
			compatibilityVersion = "Xcode 3.2";
			developmentRegion = English;
			hasScannedForEncodings = 0;
			knownRegions = (
				en,
				Base,
			);
			mainGroup = FA6739781BBF43FE009E82C1;
			productRefGroup = FA6739821BBF43FE009E82C1 /* Products */;
			projectDirPath = "";
			projectRoot = "";
			targets = (
				FA6739801BBF43FE009E82C1 /* HelperNet */,
				C602CC6A1BBF96A900ED664A /* Emergency Widget */,
			);
		};
/* End PBXProject section */

/* Begin PBXResourcesBuildPhase section */
		C602CC691BBF96A900ED664A /* Resources */ = {
			isa = PBXResourcesBuildPhase;
			buildActionMask = 2147483647;
			files = (
				C602CC741BBF96A900ED664A /* MainInterface.storyboard in Resources */,
			);
			runOnlyForDeploymentPostprocessing = 0;
		};
		FA67397F1BBF43FE009E82C1 /* Resources */ = {
			isa = PBXResourcesBuildPhase;
			buildActionMask = 2147483647;
			files = (
				FA67398F1BBF43FE009E82C1 /* LaunchScreen.storyboard in Resources */,
				FA67398C1BBF43FE009E82C1 /* Assets.xcassets in Resources */,
				FA67398A1BBF43FE009E82C1 /* Main.storyboard in Resources */,
			);
			runOnlyForDeploymentPostprocessing = 0;
		};
/* End PBXResourcesBuildPhase section */

/* Begin PBXSourcesBuildPhase section */
		C602CC671BBF96A900ED664A /* Sources */ = {
			isa = PBXSourcesBuildPhase;
			buildActionMask = 2147483647;
			files = (
				C602CC711BBF96A900ED664A /* TodayViewController.swift in Sources */,
			);
			runOnlyForDeploymentPostprocessing = 0;
		};
		FA67397D1BBF43FE009E82C1 /* Sources */ = {
			isa = PBXSourcesBuildPhase;
			buildActionMask = 2147483647;
			files = (
				FA6739871BBF43FE009E82C1 /* ViewController.swift in Sources */,
				FA6739851BBF43FE009E82C1 /* AppDelegate.swift in Sources */,
			);
			runOnlyForDeploymentPostprocessing = 0;
		};
/* End PBXSourcesBuildPhase section */

/* Begin PBXTargetDependency section */
		C602CC771BBF96A900ED664A /* PBXTargetDependency */ = {
			isa = PBXTargetDependency;
			target = C602CC6A1BBF96A900ED664A /* Emergency Widget */;
			targetProxy = C602CC761BBF96A900ED664A /* PBXContainerItemProxy */;
		};
/* End PBXTargetDependency section */

/* Begin PBXVariantGroup section */
		C602CC721BBF96A900ED664A /* MainInterface.storyboard */ = {
			isa = PBXVariantGroup;
			children = (
				C602CC731BBF96A900ED664A /* Base */,
			);
			name = MainInterface.storyboard;
			sourceTree = "<group>";
		};
		FA6739881BBF43FE009E82C1 /* Main.storyboard */ = {
			isa = PBXVariantGroup;
			children = (
				FA6739891BBF43FE009E82C1 /* Base */,
			);
			name = Main.storyboard;
			sourceTree = "<group>";
		};
		FA67398D1BBF43FE009E82C1 /* LaunchScreen.storyboard */ = {
			isa = PBXVariantGroup;
			children = (
				FA67398E1BBF43FE009E82C1 /* Base */,
			);
			name = LaunchScreen.storyboard;
			sourceTree = "<group>";
		};
/* End PBXVariantGroup section */

/* Begin XCBuildConfiguration section */
		C602CC791BBF96A900ED664A /* Debug */ = {
			isa = XCBuildConfiguration;
			buildSettings = {
				CODE_SIGN_IDENTITY = "iPhone Developer";
				"CODE_SIGN_IDENTITY[sdk=iphoneos*]" = "iPhone Developer";
				INFOPLIST_FILE = "Emergency Widget/Info.plist";
				LD_RUNPATH_SEARCH_PATHS = "$(inherited) @executable_path/Frameworks @executable_path/../../Frameworks";
				PRODUCT_BUNDLE_IDENTIFIER = "NBN.HelperNet.Emergency-Widget";
				PRODUCT_NAME = "$(TARGET_NAME)";
				SKIP_INSTALL = YES;
			};
			name = Debug;
		};
		C602CC7A1BBF96A900ED664A /* Release */ = {
			isa = XCBuildConfiguration;
			buildSettings = {
				CODE_SIGN_IDENTITY = "iPhone Developer";
				"CODE_SIGN_IDENTITY[sdk=iphoneos*]" = "iPhone Developer";
				INFOPLIST_FILE = "Emergency Widget/Info.plist";
				LD_RUNPATH_SEARCH_PATHS = "$(inherited) @executable_path/Frameworks @executable_path/../../Frameworks";
				PRODUCT_BUNDLE_IDENTIFIER = "NBN.HelperNet.Emergency-Widget";
				PRODUCT_NAME = "$(TARGET_NAME)";
				SKIP_INSTALL = YES;
			};
			name = Release;
		};
		FA6739911BBF43FE009E82C1 /* Debug */ = {
			isa = XCBuildConfiguration;
			buildSettings = {
				ALWAYS_SEARCH_USER_PATHS = NO;
				CLANG_CXX_LANGUAGE_STANDARD = "gnu++0x";
				CLANG_CXX_LIBRARY = "libc++";
				CLANG_ENABLE_MODULES = YES;
				CLANG_ENABLE_OBJC_ARC = YES;
				CLANG_WARN_BOOL_CONVERSION = YES;
				CLANG_WARN_CONSTANT_CONVERSION = YES;
				CLANG_WARN_DIRECT_OBJC_ISA_USAGE = YES_ERROR;
				CLANG_WARN_EMPTY_BODY = YES;
				CLANG_WARN_ENUM_CONVERSION = YES;
				CLANG_WARN_INT_CONVERSION = YES;
				CLANG_WARN_OBJC_ROOT_CLASS = YES_ERROR;
				CLANG_WARN_UNREACHABLE_CODE = YES;
				CLANG_WARN__DUPLICATE_METHOD_MATCH = YES;
				"CODE_SIGN_IDENTITY[sdk=iphoneos*]" = "iPhone Developer";
				COPY_PHASE_STRIP = NO;
				DEBUG_INFORMATION_FORMAT = dwarf;
				ENABLE_STRICT_OBJC_MSGSEND = YES;
				ENABLE_TESTABILITY = YES;
				GCC_C_LANGUAGE_STANDARD = gnu99;
				GCC_DYNAMIC_NO_PIC = NO;
				GCC_NO_COMMON_BLOCKS = YES;
				GCC_OPTIMIZATION_LEVEL = 0;
				GCC_PREPROCESSOR_DEFINITIONS = (
					"DEBUG=1",
					"$(inherited)",
				);
				GCC_WARN_64_TO_32_BIT_CONVERSION = YES;
				GCC_WARN_ABOUT_RETURN_TYPE = YES_ERROR;
				GCC_WARN_UNDECLARED_SELECTOR = YES;
				GCC_WARN_UNINITIALIZED_AUTOS = YES_AGGRESSIVE;
				GCC_WARN_UNUSED_FUNCTION = YES;
				GCC_WARN_UNUSED_VARIABLE = YES;
				IPHONEOS_DEPLOYMENT_TARGET = 9.0;
				MTL_ENABLE_DEBUG_INFO = YES;
				ONLY_ACTIVE_ARCH = YES;
				SDKROOT = iphoneos;
				SWIFT_OPTIMIZATION_LEVEL = "-Onone";
				TARGETED_DEVICE_FAMILY = "1,2";
			};
			name = Debug;
		};
		FA6739921BBF43FE009E82C1 /* Release */ = {
			isa = XCBuildConfiguration;
			buildSettings = {
				ALWAYS_SEARCH_USER_PATHS = NO;
				CLANG_CXX_LANGUAGE_STANDARD = "gnu++0x";
				CLANG_CXX_LIBRARY = "libc++";
				CLANG_ENABLE_MODULES = YES;
				CLANG_ENABLE_OBJC_ARC = YES;
				CLANG_WARN_BOOL_CONVERSION = YES;
				CLANG_WARN_CONSTANT_CONVERSION = YES;
				CLANG_WARN_DIRECT_OBJC_ISA_USAGE = YES_ERROR;
				CLANG_WARN_EMPTY_BODY = YES;
				CLANG_WARN_ENUM_CONVERSION = YES;
				CLANG_WARN_INT_CONVERSION = YES;
				CLANG_WARN_OBJC_ROOT_CLASS = YES_ERROR;
				CLANG_WARN_UNREACHABLE_CODE = YES;
				CLANG_WARN__DUPLICATE_METHOD_MATCH = YES;
				"CODE_SIGN_IDENTITY[sdk=iphoneos*]" = "iPhone Developer";
				COPY_PHASE_STRIP = NO;
				DEBUG_INFORMATION_FORMAT = "dwarf-with-dsym";
				ENABLE_NS_ASSERTIONS = NO;
				ENABLE_STRICT_OBJC_MSGSEND = YES;
				GCC_C_LANGUAGE_STANDARD = gnu99;
				GCC_NO_COMMON_BLOCKS = YES;
				GCC_WARN_64_TO_32_BIT_CONVERSION = YES;
				GCC_WARN_ABOUT_RETURN_TYPE = YES_ERROR;
				GCC_WARN_UNDECLARED_SELECTOR = YES;
				GCC_WARN_UNINITIALIZED_AUTOS = YES_AGGRESSIVE;
				GCC_WARN_UNUSED_FUNCTION = YES;
				GCC_WARN_UNUSED_VARIABLE = YES;
				IPHONEOS_DEPLOYMENT_TARGET = 9.0;
				MTL_ENABLE_DEBUG_INFO = NO;
				SDKROOT = iphoneos;
				TARGETED_DEVICE_FAMILY = "1,2";
				VALIDATE_PRODUCT = YES;
			};
			name = Release;
		};
		FA6739941BBF43FE009E82C1 /* Debug */ = {
			isa = XCBuildConfiguration;
			buildSettings = {
				ASSETCATALOG_COMPILER_APPICON_NAME = AppIcon;
				CODE_SIGN_IDENTITY = "iPhone Developer";
				"CODE_SIGN_IDENTITY[sdk=iphoneos*]" = "iPhone Developer";
				EMBEDDED_CONTENT_CONTAINS_SWIFT = YES;
				ENABLE_BITCODE = NO;
				FRAMEWORK_SEARCH_PATHS = (
					"$(inherited)",
					"$(PROJECT_DIR)/HelperNet",
				);
				INFOPLIST_FILE = HelperNet/Info.plist;
				IPHONEOS_DEPLOYMENT_TARGET = 8.0;
				LD_RUNPATH_SEARCH_PATHS = "$(inherited) @executable_path/Frameworks";
				PRODUCT_BUNDLE_IDENTIFIER = NBN.HelperNet;
				PRODUCT_NAME = "$(TARGET_NAME)";
				PROVISIONING_PROFILE = "";
				SWIFT_OBJC_BRIDGING_HEADER = "HelperNet/HelperNet-Bridging-Header.h";
			};
			name = Debug;
		};
		FA6739951BBF43FE009E82C1 /* Release */ = {
			isa = XCBuildConfiguration;
			buildSettings = {
				ASSETCATALOG_COMPILER_APPICON_NAME = AppIcon;
				CODE_SIGN_IDENTITY = "iPhone Developer";
				"CODE_SIGN_IDENTITY[sdk=iphoneos*]" = "iPhone Developer";
				EMBEDDED_CONTENT_CONTAINS_SWIFT = YES;
				ENABLE_BITCODE = NO;
				FRAMEWORK_SEARCH_PATHS = (
					"$(inherited)",
					"$(PROJECT_DIR)/HelperNet",
				);
				INFOPLIST_FILE = HelperNet/Info.plist;
				IPHONEOS_DEPLOYMENT_TARGET = 8.0;
				LD_RUNPATH_SEARCH_PATHS = "$(inherited) @executable_path/Frameworks";
				PRODUCT_BUNDLE_IDENTIFIER = NBN.HelperNet;
				PRODUCT_NAME = "$(TARGET_NAME)";
				PROVISIONING_PROFILE = "";
				SWIFT_OBJC_BRIDGING_HEADER = "HelperNet/HelperNet-Bridging-Header.h";
			};
			name = Release;
		};
/* End XCBuildConfiguration section */

/* Begin XCConfigurationList section */
		C602CC7B1BBF96A900ED664A /* Build configuration list for PBXNativeTarget "Emergency Widget" */ = {
			isa = XCConfigurationList;
			buildConfigurations = (
				C602CC791BBF96A900ED664A /* Debug */,
				C602CC7A1BBF96A900ED664A /* Release */,
			);
			defaultConfigurationIsVisible = 0;
		};
		FA67397C1BBF43FE009E82C1 /* Build configuration list for PBXProject "HelperNet" */ = {
			isa = XCConfigurationList;
			buildConfigurations = (
				FA6739911BBF43FE009E82C1 /* Debug */,
				FA6739921BBF43FE009E82C1 /* Release */,
			);
			defaultConfigurationIsVisible = 0;
			defaultConfigurationName = Release;
		};
		FA6739931BBF43FE009E82C1 /* Build configuration list for PBXNativeTarget "HelperNet" */ = {
			isa = XCConfigurationList;
			buildConfigurations = (
				FA6739941BBF43FE009E82C1 /* Debug */,
				FA6739951BBF43FE009E82C1 /* Release */,
			);
			defaultConfigurationIsVisible = 0;
			defaultConfigurationName = Release;
		};
/* End XCConfigurationList section */
	};
	rootObject = FA6739791BBF43FE009E82C1 /* Project object */;
}
